
Microsoft Visual Studio Solution File, Format Version 12.00
# Visual Studio Version 17
VisualStudioVersion = 17.7.34302.85
MinimumVisualStudioVersion = 10.0.40219.1
Project("{FAE04EC0-301F-11D3-BF4B-00C04F79EFBC}") = "AdventOfCode", "AdventOfCode.csproj", "{EF1FAA50-4A9A-497F-9A5C-A3392A4758C2}"
EndProject
Global
	GlobalSection(SolutionConfigurationPlatforms) = preSolution
		Debug|Any CPU = Debug|Any CPU
		Release|Any CPU = Release|Any CPU
	EndGlobalSection
	GlobalSection(ProjectConfigurationPlatforms) = postSolution
		{EF1FAA50-4A9A-497F-9A5C-A3392A4758C2}.Debug|Any CPU.ActiveCfg = Debug|Any CPU
		{EF1FAA50-4A9A-497F-9A5C-A3392A4758C2}.Debug|Any CPU.Build.0 = Debug|Any CPU
		{EF1FAA50-4A9A-497F-9A5C-A3392A4758C2}.Release|Any CPU.ActiveCfg = Release|Any CPU
		{EF1FAA50-4A9A-497F-9A5C-A3392A4758C2}.Release|Any CPU.Build.0 = Release|Any CPU
	EndGlobalSection
	GlobalSection(SolutionProperties) = preSolution
		HideSolutionNode = FALSE
	EndGlobalSection
	GlobalSection(ExtensibilityGlobals) = postSolution
		SolutionGuid = {58DAADED-5076-419E-A42B-172DC5B47A55}
	EndGlobalSection
EndGlobal
